
Microsoft Visual Studio Solution File, Format Version 12.00
# Visual Studio Version 17
VisualStudioVersion = 17.14.36414.22 d17.14
MinimumVisualStudioVersion = 10.0.40219.1
Project("{FAE04EC0-301F-11D3-BF4B-00C04F79EFBC}") = "pryRossiEjercicio4", "pryRossiEjercicio4\pryRossiEjercicio4.csproj", "{D36E56CA-B3C6-472E-871D-6EC4F4278288}"
EndProject
Global
	GlobalSection(SolutionConfigurationPlatforms) = preSolution
		Debug|Any CPU = Debug|Any CPU
		Release|Any CPU = Release|Any CPU
	EndGlobalSection
	GlobalSection(ProjectConfigurationPlatforms) = postSolution
		{D36E56CA-B3C6-472E-871D-6EC4F4278288}.Debug|Any CPU.ActiveCfg = Debug|Any CPU
		{D36E56CA-B3C6-472E-871D-6EC4F4278288}.Debug|Any CPU.Build.0 = Debug|Any CPU
		{D36E56CA-B3C6-472E-871D-6EC4F4278288}.Release|Any CPU.ActiveCfg = Release|Any CPU
		{D36E56CA-B3C6-472E-871D-6EC4F4278288}.Release|Any CPU.Build.0 = Release|Any CPU
	EndGlobalSection
	GlobalSection(SolutionProperties) = preSolution
		HideSolutionNode = FALSE
	EndGlobalSection
	GlobalSection(ExtensibilityGlobals) = postSolution
		SolutionGuid = {2B37776C-B7F0-4D82-B634-6A7879F4ECCE}
	EndGlobalSection
EndGlobal
